// !$*UTF8*$!
{
	archiveVersion = 1;
	classes = {
	};
	objectVersion = 46;
	objects = {

/* Begin PBXBuildFile section */
		A57B8EE71D21338E007DC601 /* MMCategoriesModel.m in Sources */ = {isa = PBXBuildFile; fileRef = A57B8EE61D21338E007DC601 /* MMCategoriesModel.m */; };
		A57B8EEB1D21339A007DC601 /* MMLiveListModel.m in Sources */ = {isa = PBXBuildFile; fileRef = A57B8EEA1D21339A007DC601 /* MMLiveListModel.m */; };
		A57B8EF11D21354E007DC601 /* MMLiveListViewController.m in Sources */ = {isa = PBXBuildFile; fileRef = A57B8EF01D21354E007DC601 /* MMLiveListViewController.m */; };
		A57B8EF41D214A42007DC601 /* MMLiveListCell.m in Sources */ = {isa = PBXBuildFile; fileRef = A57B8EF31D214A42007DC601 /* MMLiveListCell.m */; };
		A5D7EB4B1D22304800176E5F /* MMLiveListViewModel.m in Sources */ = {isa = PBXBuildFile; fileRef = A5D7EB4A1D22304800176E5F /* MMLiveListViewModel.m */; };
		A5D7ED801D229B0400176E5F /* MMCategoryModel.m in Sources */ = {isa = PBXBuildFile; fileRef = A5D7ED7F1D229B0400176E5F /* MMCategoryModel.m */; };
		A5D7ED831D22A19E00176E5F /* MMCategoryViewModel.m in Sources */ = {isa = PBXBuildFile; fileRef = A5D7ED821D22A19E00176E5F /* MMCategoryViewModel.m */; };
		A5ED5BC21D20C7630032AE9C /* MMBaseViewController.m in Sources */ = {isa = PBXBuildFile; fileRef = A5ED5BC11D20C7630032AE9C /* MMBaseViewController.m */; };
		A5ED5BD41D211D540032AE9C /* MMCategoriesViewController.m in Sources */ = {isa = PBXBuildFile; fileRef = A5ED5BD11D211D540032AE9C /* MMCategoriesViewController.m */; };
		A5ED5BD51D211D540032AE9C /* MMCategoryViewController.m in Sources */ = {isa = PBXBuildFile; fileRef = A5ED5BD31D211D540032AE9C /* MMCategoryViewController.m */; };
		A5ED5BD91D211D8B0032AE9C /* MMCategoriesViewModel.m in Sources */ = {isa = PBXBuildFile; fileRef = A5ED5BD81D211D8B0032AE9C /* MMCategoriesViewModel.m */; };
		A5ED5BDF1D211DB60032AE9C /* MMCategoriesCell.m in Sources */ = {isa = PBXBuildFile; fileRef = A5ED5BDC1D211DB60032AE9C /* MMCategoriesCell.m */; };
		A5ED5BE01D211DB60032AE9C /* MMCategoryCell.m in Sources */ = {isa = PBXBuildFile; fileRef = A5ED5BDE1D211DB60032AE9C /* MMCategoryCell.m */; };
		A5F7B1D81D1FB0D2003AD0EF /* main.m in Sources */ = {isa = PBXBuildFile; fileRef = A5F7B1D71D1FB0D2003AD0EF /* main.m */; };
		A5F7B1DB1D1FB0D2003AD0EF /* AppDelegate.m in Sources */ = {isa = PBXBuildFile; fileRef = A5F7B1DA1D1FB0D2003AD0EF /* AppDelegate.m */; };
		A5F7B1E11D1FB0D2003AD0EF /* Main.storyboard in Resources */ = {isa = PBXBuildFile; fileRef = A5F7B1DF1D1FB0D2003AD0EF /* Main.storyboard */; };
		A5F7B1E31D1FB0D2003AD0EF /* Assets.xcassets in Resources */ = {isa = PBXBuildFile; fileRef = A5F7B1E21D1FB0D2003AD0EF /* Assets.xcassets */; };
		A5F7B1E61D1FB0D2003AD0EF /* LaunchScreen.storyboard in Resources */ = {isa = PBXBuildFile; fileRef = A5F7B1E41D1FB0D2003AD0EF /* LaunchScreen.storyboard */; };
		A5F7B1FC1D1FC1F2003AD0EF /* NSObject+ViewModel.m in Sources */ = {isa = PBXBuildFile; fileRef = A5F7B1FB1D1FC1F2003AD0EF /* NSObject+ViewModel.m */; };
		A5F7B1FF1D1FC20C003AD0EF /* NSObject+AFNetWorking.m in Sources */ = {isa = PBXBuildFile; fileRef = A5F7B1FE1D1FC20C003AD0EF /* NSObject+AFNetWorking.m */; };
		A5F7B2021D1FC22F003AD0EF /* NSObject+MJEXtension.m in Sources */ = {isa = PBXBuildFile; fileRef = A5F7B2011D1FC22F003AD0EF /* NSObject+MJEXtension.m */; };
		A5F7B2051D1FC28E003AD0EF /* UIScrollView+Refresh.m in Sources */ = {isa = PBXBuildFile; fileRef = A5F7B2041D1FC28E003AD0EF /* UIScrollView+Refresh.m */; };
		A5F7B2081D1FC2A6003AD0EF /* AppDelegate+System.m in Sources */ = {isa = PBXBuildFile; fileRef = A5F7B2071D1FC2A6003AD0EF /* AppDelegate+System.m */; };
		A5F7B20B1D1FC2BC003AD0EF /* UIView+HUD.m in Sources */ = {isa = PBXBuildFile; fileRef = A5F7B20A1D1FC2BC003AD0EF /* UIView+HUD.m */; };
		A5F7B2101D1FC31F003AD0EF /* MMBaseModel.m in Sources */ = {isa = PBXBuildFile; fileRef = A5F7B20F1D1FC31F003AD0EF /* MMBaseModel.m */; };
		A5F7B2131D1FC346003AD0EF /* MMLiveNetManager.m in Sources */ = {isa = PBXBuildFile; fileRef = A5F7B2121D1FC346003AD0EF /* MMLiveNetManager.m */; };
		A5F7B2171D1FCD68003AD0EF /* NSObject+Parse.m in Sources */ = {isa = PBXBuildFile; fileRef = A5F7B2161D1FCD68003AD0EF /* NSObject+Parse.m */; };
		A5F7B21A1D1FCD86003AD0EF /* NSString+MM.m in Sources */ = {isa = PBXBuildFile; fileRef = A5F7B2191D1FCD86003AD0EF /* NSString+MM.m */; };
		A5F7B21D1D1FD618003AD0EF /* MMBaseViewModel.m in Sources */ = {isa = PBXBuildFile; fileRef = A5F7B21C1D1FD618003AD0EF /* MMBaseViewModel.m */; };
		F13480DC7E29CF1580A82070 /* libPods-GameLive.a in Frameworks */ = {isa = PBXBuildFile; fileRef = 0B2908C29245F6B3FA64784F /* libPods-GameLive.a */; };
/* End PBXBuildFile section */

/* Begin PBXFileReference section */
		0B2908C29245F6B3FA64784F /* libPods-GameLive.a */ = {isa = PBXFileReference; explicitFileType = archive.ar; includeInIndex = 0; path = "libPods-GameLive.a"; sourceTree = BUILT_PRODUCTS_DIR; };
		134FFF5A81D31AD92196055B /* Pods-GameLive.release.xcconfig */ = {isa = PBXFileReference; includeInIndex = 1; lastKnownFileType = text.xcconfig; name = "Pods-GameLive.release.xcconfig"; path = "Pods/Target Support Files/Pods-GameLive/Pods-GameLive.release.xcconfig"; sourceTree = "<group>"; };
		A57B8EE51D21338E007DC601 /* MMCategoriesModel.h */ = {isa = PBXFileReference; fileEncoding = 4; lastKnownFileType = sourcecode.c.h; path = MMCategoriesModel.h; sourceTree = "<group>"; };
		A57B8EE61D21338E007DC601 /* MMCategoriesModel.m */ = {isa = PBXFileReference; fileEncoding = 4; lastKnownFileType = sourcecode.c.objc; path = MMCategoriesModel.m; sourceTree = "<group>"; };
		A57B8EE91D21339A007DC601 /* MMLiveListModel.h */ = {isa = PBXFileReference; fileEncoding = 4; lastKnownFileType = sourcecode.c.h; path = MMLiveListModel.h; sourceTree = "<group>"; };
		A57B8EEA1D21339A007DC601 /* MMLiveListModel.m */ = {isa = PBXFileReference; fileEncoding = 4; lastKnownFileType = sourcecode.c.objc; path = MMLiveListModel.m; sourceTree = "<group>"; };
		A57B8EEF1D21354E007DC601 /* MMLiveListViewController.h */ = {isa = PBXFileReference; fileEncoding = 4; lastKnownFileType = sourcecode.c.h; path = MMLiveListViewController.h; sourceTree = "<group>"; };
		A57B8EF01D21354E007DC601 /* MMLiveListViewController.m */ = {isa = PBXFileReference; fileEncoding = 4; lastKnownFileType = sourcecode.c.objc; path = MMLiveListViewController.m; sourceTree = "<group>"; };
		A57B8EF21D214A42007DC601 /* MMLiveListCell.h */ = {isa = PBXFileReference; fileEncoding = 4; lastKnownFileType = sourcecode.c.h; path = MMLiveListCell.h; sourceTree = "<group>"; };
		A57B8EF31D214A42007DC601 /* MMLiveListCell.m */ = {isa = PBXFileReference; fileEncoding = 4; lastKnownFileType = sourcecode.c.objc; path = MMLiveListCell.m; sourceTree = "<group>"; };
		A5D7EB491D22304800176E5F /* MMLiveListViewModel.h */ = {isa = PBXFileReference; fileEncoding = 4; lastKnownFileType = sourcecode.c.h; path = MMLiveListViewModel.h; sourceTree = "<group>"; };
		A5D7EB4A1D22304800176E5F /* MMLiveListViewModel.m */ = {isa = PBXFileReference; fileEncoding = 4; lastKnownFileType = sourcecode.c.objc; path = MMLiveListViewModel.m; sourceTree = "<group>"; };
		A5D7ED7E1D229B0400176E5F /* MMCategoryModel.h */ = {isa = PBXFileReference; fileEncoding = 4; lastKnownFileType = sourcecode.c.h; path = MMCategoryModel.h; sourceTree = "<group>"; };
		A5D7ED7F1D229B0400176E5F /* MMCategoryModel.m */ = {isa = PBXFileReference; fileEncoding = 4; lastKnownFileType = sourcecode.c.objc; path = MMCategoryModel.m; sourceTree = "<group>"; };
		A5D7ED811D22A19E00176E5F /* MMCategoryViewModel.h */ = {isa = PBXFileReference; fileEncoding = 4; lastKnownFileType = sourcecode.c.h; path = MMCategoryViewModel.h; sourceTree = "<group>"; };
		A5D7ED821D22A19E00176E5F /* MMCategoryViewModel.m */ = {isa = PBXFileReference; fileEncoding = 4; lastKnownFileType = sourcecode.c.objc; path = MMCategoryViewModel.m; sourceTree = "<group>"; };
		A5ED5BC01D20C7630032AE9C /* MMBaseViewController.h */ = {isa = PBXFileReference; fileEncoding = 4; lastKnownFileType = sourcecode.c.h; path = MMBaseViewController.h; sourceTree = "<group>"; };
		A5ED5BC11D20C7630032AE9C /* MMBaseViewController.m */ = {isa = PBXFileReference; fileEncoding = 4; lastKnownFileType = sourcecode.c.objc; path = MMBaseViewController.m; sourceTree = "<group>"; };
		A5ED5BD01D211D540032AE9C /* MMCategoriesViewController.h */ = {isa = PBXFileReference; fileEncoding = 4; lastKnownFileType = sourcecode.c.h; path = MMCategoriesViewController.h; sourceTree = "<group>"; };
		A5ED5BD11D211D540032AE9C /* MMCategoriesViewController.m */ = {isa = PBXFileReference; fileEncoding = 4; lastKnownFileType = sourcecode.c.objc; path = MMCategoriesViewController.m; sourceTree = "<group>"; };
		A5ED5BD21D211D540032AE9C /* MMCategoryViewController.h */ = {isa = PBXFileReference; fileEncoding = 4; lastKnownFileType = sourcecode.c.h; path = MMCategoryViewController.h; sourceTree = "<group>"; };
		A5ED5BD31D211D540032AE9C /* MMCategoryViewController.m */ = {isa = PBXFileReference; fileEncoding = 4; lastKnownFileType = sourcecode.c.objc; path = MMCategoryViewController.m; sourceTree = "<group>"; };
		A5ED5BD71D211D8B0032AE9C /* MMCategoriesViewModel.h */ = {isa = PBXFileReference; fileEncoding = 4; lastKnownFileType = sourcecode.c.h; path = MMCategoriesViewModel.h; sourceTree = "<group>"; };
		A5ED5BD81D211D8B0032AE9C /* MMCategoriesViewModel.m */ = {isa = PBXFileReference; fileEncoding = 4; lastKnownFileType = sourcecode.c.objc; path = MMCategoriesViewModel.m; sourceTree = "<group>"; };
		A5ED5BDB1D211DB60032AE9C /* MMCategoriesCell.h */ = {isa = PBXFileReference; fileEncoding = 4; lastKnownFileType = sourcecode.c.h; path = MMCategoriesCell.h; sourceTree = "<group>"; };
		A5ED5BDC1D211DB60032AE9C /* MMCategoriesCell.m */ = {isa = PBXFileReference; fileEncoding = 4; lastKnownFileType = sourcecode.c.objc; path = MMCategoriesCell.m; sourceTree = "<group>"; };
		A5ED5BDD1D211DB60032AE9C /* MMCategoryCell.h */ = {isa = PBXFileReference; fileEncoding = 4; lastKnownFileType = sourcecode.c.h; path = MMCategoryCell.h; sourceTree = "<group>"; };
		A5ED5BDE1D211DB60032AE9C /* MMCategoryCell.m */ = {isa = PBXFileReference; fileEncoding = 4; lastKnownFileType = sourcecode.c.objc; path = MMCategoryCell.m; sourceTree = "<group>"; };
		A5F7B1D31D1FB0D2003AD0EF /* GameLive.app */ = {isa = PBXFileReference; explicitFileType = wrapper.application; includeInIndex = 0; path = GameLive.app; sourceTree = BUILT_PRODUCTS_DIR; };
		A5F7B1D71D1FB0D2003AD0EF /* main.m */ = {isa = PBXFileReference; lastKnownFileType = sourcecode.c.objc; path = main.m; sourceTree = "<group>"; };
		A5F7B1D91D1FB0D2003AD0EF /* AppDelegate.h */ = {isa = PBXFileReference; lastKnownFileType = sourcecode.c.h; path = AppDelegate.h; sourceTree = "<group>"; };
		A5F7B1DA1D1FB0D2003AD0EF /* AppDelegate.m */ = {isa = PBXFileReference; lastKnownFileType = sourcecode.c.objc; path = AppDelegate.m; sourceTree = "<group>"; };
		A5F7B1E01D1FB0D2003AD0EF /* Base */ = {isa = PBXFileReference; lastKnownFileType = file.storyboard; name = Base; path = Base.lproj/Main.storyboard; sourceTree = "<group>"; };
		A5F7B1E21D1FB0D2003AD0EF /* Assets.xcassets */ = {isa = PBXFileReference; lastKnownFileType = folder.assetcatalog; name = Assets.xcassets; path = ../Assets.xcassets; sourceTree = "<group>"; };
		A5F7B1E51D1FB0D2003AD0EF /* Base */ = {isa = PBXFileReference; lastKnownFileType = file.storyboard; name = Base; path = Base.lproj/LaunchScreen.storyboard; sourceTree = "<group>"; };
		A5F7B1E71D1FB0D2003AD0EF /* Info.plist */ = {isa = PBXFileReference; lastKnownFileType = text.plist.xml; path = Info.plist; sourceTree = "<group>"; };
		A5F7B1FA1D1FC1F2003AD0EF /* NSObject+ViewModel.h */ = {isa = PBXFileReference; fileEncoding = 4; lastKnownFileType = sourcecode.c.h; path = "NSObject+ViewModel.h"; sourceTree = "<group>"; };
		A5F7B1FB1D1FC1F2003AD0EF /* NSObject+ViewModel.m */ = {isa = PBXFileReference; fileEncoding = 4; lastKnownFileType = sourcecode.c.objc; path = "NSObject+ViewModel.m"; sourceTree = "<group>"; };
		A5F7B1FD1D1FC20C003AD0EF /* NSObject+AFNetWorking.h */ = {isa = PBXFileReference; fileEncoding = 4; lastKnownFileType = sourcecode.c.h; path = "NSObject+AFNetWorking.h"; sourceTree = "<group>"; };
		A5F7B1FE1D1FC20C003AD0EF /* NSObject+AFNetWorking.m */ = {isa = PBXFileReference; fileEncoding = 4; lastKnownFileType = sourcecode.c.objc; path = "NSObject+AFNetWorking.m"; sourceTree = "<group>"; };
		A5F7B2001D1FC22F003AD0EF /* NSObject+MJEXtension.h */ = {isa = PBXFileReference; fileEncoding = 4; lastKnownFileType = sourcecode.c.h; path = "NSObject+MJEXtension.h"; sourceTree = "<group>"; };
		A5F7B2011D1FC22F003AD0EF /* NSObject+MJEXtension.m */ = {isa = PBXFileReference; fileEncoding = 4; lastKnownFileType = sourcecode.c.objc; path = "NSObject+MJEXtension.m"; sourceTree = "<group>"; };
		A5F7B2031D1FC28E003AD0EF /* UIScrollView+Refresh.h */ = {isa = PBXFileReference; fileEncoding = 4; lastKnownFileType = sourcecode.c.h; path = "UIScrollView+Refresh.h"; sourceTree = "<group>"; };
		A5F7B2041D1FC28E003AD0EF /* UIScrollView+Refresh.m */ = {isa = PBXFileReference; fileEncoding = 4; lastKnownFileType = sourcecode.c.objc; path = "UIScrollView+Refresh.m"; sourceTree = "<group>"; };
		A5F7B2061D1FC2A6003AD0EF /* AppDelegate+System.h */ = {isa = PBXFileReference; fileEncoding = 4; lastKnownFileType = sourcecode.c.h; path = "AppDelegate+System.h"; sourceTree = "<group>"; };
		A5F7B2071D1FC2A6003AD0EF /* AppDelegate+System.m */ = {isa = PBXFileReference; fileEncoding = 4; lastKnownFileType = sourcecode.c.objc; path = "AppDelegate+System.m"; sourceTree = "<group>"; };
		A5F7B2091D1FC2BC003AD0EF /* UIView+HUD.h */ = {isa = PBXFileReference; fileEncoding = 4; lastKnownFileType = sourcecode.c.h; path = "UIView+HUD.h"; sourceTree = "<group>"; };
		A5F7B20A1D1FC2BC003AD0EF /* UIView+HUD.m */ = {isa = PBXFileReference; fileEncoding = 4; lastKnownFileType = sourcecode.c.objc; path = "UIView+HUD.m"; sourceTree = "<group>"; };
		A5F7B20C1D1FC2F0003AD0EF /* Constant.h */ = {isa = PBXFileReference; lastKnownFileType = sourcecode.c.h; path = Constant.h; sourceTree = "<group>"; };
		A5F7B20D1D1FC301003AD0EF /* RequestPaths.h */ = {isa = PBXFileReference; lastKnownFileType = sourcecode.c.h; path = RequestPaths.h; sourceTree = "<group>"; };
		A5F7B20E1D1FC31F003AD0EF /* MMBaseModel.h */ = {isa = PBXFileReference; fileEncoding = 4; lastKnownFileType = sourcecode.c.h; path = MMBaseModel.h; sourceTree = "<group>"; };
		A5F7B20F1D1FC31F003AD0EF /* MMBaseModel.m */ = {isa = PBXFileReference; fileEncoding = 4; lastKnownFileType = sourcecode.c.objc; path = MMBaseModel.m; sourceTree = "<group>"; };
		A5F7B2111D1FC346003AD0EF /* MMLiveNetManager.h */ = {isa = PBXFileReference; fileEncoding = 4; lastKnownFileType = sourcecode.c.h; path = MMLiveNetManager.h; sourceTree = "<group>"; };
		A5F7B2121D1FC346003AD0EF /* MMLiveNetManager.m */ = {isa = PBXFileReference; fileEncoding = 4; lastKnownFileType = sourcecode.c.objc; path = MMLiveNetManager.m; sourceTree = "<group>"; };
		A5F7B2141D1FC375003AD0EF /* PrefixHeader.pch */ = {isa = PBXFileReference; lastKnownFileType = sourcecode.c.h; path = PrefixHeader.pch; sourceTree = "<group>"; };
		A5F7B2151D1FCD68003AD0EF /* NSObject+Parse.h */ = {isa = PBXFileReference; fileEncoding = 4; lastKnownFileType = sourcecode.c.h; path = "NSObject+Parse.h"; sourceTree = "<group>"; };
		A5F7B2161D1FCD68003AD0EF /* NSObject+Parse.m */ = {isa = PBXFileReference; fileEncoding = 4; lastKnownFileType = sourcecode.c.objc; path = "NSObject+Parse.m"; sourceTree = "<group>"; };
		A5F7B2181D1FCD86003AD0EF /* NSString+MM.h */ = {isa = PBXFileReference; fileEncoding = 4; lastKnownFileType = sourcecode.c.h; path = "NSString+MM.h"; sourceTree = "<group>"; };
		A5F7B2191D1FCD86003AD0EF /* NSString+MM.m */ = {isa = PBXFileReference; fileEncoding = 4; lastKnownFileType = sourcecode.c.objc; path = "NSString+MM.m"; sourceTree = "<group>"; };
		A5F7B21B1D1FD618003AD0EF /* MMBaseViewModel.h */ = {isa = PBXFileReference; fileEncoding = 4; lastKnownFileType = sourcecode.c.h; path = MMBaseViewModel.h; sourceTree = "<group>"; };
		A5F7B21C1D1FD618003AD0EF /* MMBaseViewModel.m */ = {isa = PBXFileReference; fileEncoding = 4; lastKnownFileType = sourcecode.c.objc; path = MMBaseViewModel.m; sourceTree = "<group>"; };
		F2A8939D688D764EB24CC2B8 /* Pods-GameLive.debug.xcconfig */ = {isa = PBXFileReference; includeInIndex = 1; lastKnownFileType = text.xcconfig; name = "Pods-GameLive.debug.xcconfig"; path = "Pods/Target Support Files/Pods-GameLive/Pods-GameLive.debug.xcconfig"; sourceTree = "<group>"; };
/* End PBXFileReference section */

/* Begin PBXFrameworksBuildPhase section */
		A5F7B1D01D1FB0D2003AD0EF /* Frameworks */ = {
			isa = PBXFrameworksBuildPhase;
			buildActionMask = 2147483647;
			files = (
				F13480DC7E29CF1580A82070 /* libPods-GameLive.a in Frameworks */,
			);
			runOnlyForDeploymentPostprocessing = 0;
		};
/* End PBXFrameworksBuildPhase section */

/* Begin PBXGroup section */
		375002CB6156D3ABF2F652AB /* Frameworks */ = {
			isa = PBXGroup;
			children = (
				0B2908C29245F6B3FA64784F /* libPods-GameLive.a */,
			);
			name = Frameworks;
			sourceTree = "<group>";
		};
		A57B8EE11D21313F007DC601 /* 直播 */ = {
			isa = PBXGroup;
			children = (
				A57B8EEF1D21354E007DC601 /* MMLiveListViewController.h */,
				A57B8EF01D21354E007DC601 /* MMLiveListViewController.m */,
			);
			name = "直播";
			sourceTree = "<group>";
		};
		A57B8EE21D21315E007DC601 /* 直播 */ = {
			isa = PBXGroup;
			children = (
				A57B8EF21D214A42007DC601 /* MMLiveListCell.h */,
				A57B8EF31D214A42007DC601 /* MMLiveListCell.m */,
			);
			name = "直播";
			sourceTree = "<group>";
		};
		A57B8EE31D213173007DC601 /* 直播 */ = {
			isa = PBXGroup;
			children = (
				A5D7EB491D22304800176E5F /* MMLiveListViewModel.h */,
				A5D7EB4A1D22304800176E5F /* MMLiveListViewModel.m */,
			);
			name = "直播";
			sourceTree = "<group>";
		};
		A57B8EE41D21338E007DC601 /* 栏目 */ = {
			isa = PBXGroup;
			children = (
				A57B8EE51D21338E007DC601 /* MMCategoriesModel.h */,
				A57B8EE61D21338E007DC601 /* MMCategoriesModel.m */,
				A5D7ED7E1D229B0400176E5F /* MMCategoryModel.h */,
				A5D7ED7F1D229B0400176E5F /* MMCategoryModel.m */,
			);
			path = "栏目";
			sourceTree = "<group>";
		};
		A57B8EE81D21339A007DC601 /* 直播 */ = {
			isa = PBXGroup;
			children = (
				A57B8EE91D21339A007DC601 /* MMLiveListModel.h */,
				A57B8EEA1D21339A007DC601 /* MMLiveListModel.m */,
			);
			path = "直播";
			sourceTree = "<group>";
		};
		A5ED5BCF1D211D540032AE9C /* 栏目 */ = {
			isa = PBXGroup;
			children = (
				A5ED5BD01D211D540032AE9C /* MMCategoriesViewController.h */,
				A5ED5BD11D211D540032AE9C /* MMCategoriesViewController.m */,
				A5ED5BD21D211D540032AE9C /* MMCategoryViewController.h */,
				A5ED5BD31D211D540032AE9C /* MMCategoryViewController.m */,
			);
			path = "栏目";
			sourceTree = "<group>";
		};
		A5ED5BD61D211D8B0032AE9C /* 栏目 */ = {
			isa = PBXGroup;
			children = (
				A5ED5BD71D211D8B0032AE9C /* MMCategoriesViewModel.h */,
				A5ED5BD81D211D8B0032AE9C /* MMCategoriesViewModel.m */,
				A5D7ED811D22A19E00176E5F /* MMCategoryViewModel.h */,
				A5D7ED821D22A19E00176E5F /* MMCategoryViewModel.m */,
			);
			path = "栏目";
			sourceTree = "<group>";
		};
		A5ED5BDA1D211DB60032AE9C /* 栏目 */ = {
			isa = PBXGroup;
			children = (
				A5ED5BDB1D211DB60032AE9C /* MMCategoriesCell.h */,
				A5ED5BDC1D211DB60032AE9C /* MMCategoriesCell.m */,
				A5ED5BDD1D211DB60032AE9C /* MMCategoryCell.h */,
				A5ED5BDE1D211DB60032AE9C /* MMCategoryCell.m */,
			);
			path = "栏目";
			sourceTree = "<group>";
		};
		A5F7B1CA1D1FB0D2003AD0EF = {
			isa = PBXGroup;
			children = (
				A5F7B1D51D1FB0D2003AD0EF /* GameLive */,
				A5F7B1D41D1FB0D2003AD0EF /* Products */,
				FF60E075ABC8D39D9F73B598 /* Pods */,
				375002CB6156D3ABF2F652AB /* Frameworks */,
			);
			sourceTree = "<group>";
		};
		A5F7B1D41D1FB0D2003AD0EF /* Products */ = {
			isa = PBXGroup;
			children = (
				A5F7B1D31D1FB0D2003AD0EF /* GameLive.app */,
			);
			name = Products;
			sourceTree = "<group>";
		};
		A5F7B1D51D1FB0D2003AD0EF /* GameLive */ = {
			isa = PBXGroup;
			children = (
				A5F7B1D91D1FB0D2003AD0EF /* AppDelegate.h */,
				A5F7B1DA1D1FB0D2003AD0EF /* AppDelegate.m */,
				A5F7B1ED1D1FC0FC003AD0EF /* Category */,
				A5F7B1EE1D1FC0FC003AD0EF /* Define */,
				A5F7B1EF1D1FC0FC003AD0EF /* Model */,
				A5F7B1F01D1FC0FC003AD0EF /* NetManager */,
				A5F7B1F11D1FC0FC003AD0EF /* Resource */,
				A5F7B1F21D1FC0FC003AD0EF /* Tool */,
				A5F7B1F31D1FC0FC003AD0EF /* Vendor */,
				A5F7B1F41D1FC0FC003AD0EF /* View */,
				A5F7B1F51D1FC0FC003AD0EF /* ViewController */,
				A5F7B1F81D1FC0FC003AD0EF /* ViewModel */,
				A5F7B1D61D1FB0D2003AD0EF /* Supporting Files */,
			);
			path = GameLive;
			sourceTree = "<group>";
		};
		A5F7B1D61D1FB0D2003AD0EF /* Supporting Files */ = {
			isa = PBXGroup;
			children = (
				A5F7B1D71D1FB0D2003AD0EF /* main.m */,
				A5F7B1E71D1FB0D2003AD0EF /* Info.plist */,
				A5F7B2141D1FC375003AD0EF /* PrefixHeader.pch */,
			);
			name = "Supporting Files";
			sourceTree = "<group>";
		};
		A5F7B1ED1D1FC0FC003AD0EF /* Category */ = {
			isa = PBXGroup;
			children = (
				A5F7B1FA1D1FC1F2003AD0EF /* NSObject+ViewModel.h */,
				A5F7B1FB1D1FC1F2003AD0EF /* NSObject+ViewModel.m */,
				A5F7B2151D1FCD68003AD0EF /* NSObject+Parse.h */,
				A5F7B2161D1FCD68003AD0EF /* NSObject+Parse.m */,
				A5F7B2181D1FCD86003AD0EF /* NSString+MM.h */,
				A5F7B2191D1FCD86003AD0EF /* NSString+MM.m */,
				A5F7B1FD1D1FC20C003AD0EF /* NSObject+AFNetWorking.h */,
				A5F7B1FE1D1FC20C003AD0EF /* NSObject+AFNetWorking.m */,
				A5F7B2001D1FC22F003AD0EF /* NSObject+MJEXtension.h */,
				A5F7B2011D1FC22F003AD0EF /* NSObject+MJEXtension.m */,
				A5F7B2031D1FC28E003AD0EF /* UIScrollView+Refresh.h */,
				A5F7B2041D1FC28E003AD0EF /* UIScrollView+Refresh.m */,
				A5F7B2061D1FC2A6003AD0EF /* AppDelegate+System.h */,
				A5F7B2071D1FC2A6003AD0EF /* AppDelegate+System.m */,
				A5F7B2091D1FC2BC003AD0EF /* UIView+HUD.h */,
				A5F7B20A1D1FC2BC003AD0EF /* UIView+HUD.m */,
			);
			path = Category;
			sourceTree = "<group>";
		};
		A5F7B1EE1D1FC0FC003AD0EF /* Define */ = {
			isa = PBXGroup;
			children = (
				A5F7B20C1D1FC2F0003AD0EF /* Constant.h */,
				A5F7B20D1D1FC301003AD0EF /* RequestPaths.h */,
			);
			path = Define;
			sourceTree = "<group>";
		};
		A5F7B1EF1D1FC0FC003AD0EF /* Model */ = {
			isa = PBXGroup;
			children = (
				A57B8EE41D21338E007DC601 /* 栏目 */,
				A57B8EE81D21339A007DC601 /* 直播 */,
				A5F7B20E1D1FC31F003AD0EF /* MMBaseModel.h */,
				A5F7B20F1D1FC31F003AD0EF /* MMBaseModel.m */,
			);
			path = Model;
			sourceTree = "<group>";
		};
		A5F7B1F01D1FC0FC003AD0EF /* NetManager */ = {
			isa = PBXGroup;
			children = (
				A5F7B2111D1FC346003AD0EF /* MMLiveNetManager.h */,
				A5F7B2121D1FC346003AD0EF /* MMLiveNetManager.m */,
			);
			path = NetManager;
			sourceTree = "<group>";
		};
		A5F7B1F11D1FC0FC003AD0EF /* Resource */ = {
			isa = PBXGroup;
			children = (
				A5F7B1DF1D1FB0D2003AD0EF /* Main.storyboard */,
				A5F7B1E21D1FB0D2003AD0EF /* Assets.xcassets */,
				A5F7B1E41D1FB0D2003AD0EF /* LaunchScreen.storyboard */,
			);
			path = Resource;
			sourceTree = "<group>";
		};
		A5F7B1F21D1FC0FC003AD0EF /* Tool */ = {
			isa = PBXGroup;
			children = (
			);
			path = Tool;
			sourceTree = "<group>";
		};
		A5F7B1F31D1FC0FC003AD0EF /* Vendor */ = {
			isa = PBXGroup;
			children = (
			);
			path = Vendor;
			sourceTree = "<group>";
		};
		A5F7B1F41D1FC0FC003AD0EF /* View */ = {
			isa = PBXGroup;
			children = (
				A5ED5BDA1D211DB60032AE9C /* 栏目 */,
				A57B8EE21D21315E007DC601 /* 直播 */,
			);
			path = View;
			sourceTree = "<group>";
		};
		A5F7B1F51D1FC0FC003AD0EF /* ViewController */ = {
			isa = PBXGroup;
			children = (
				A5ED5BCF1D211D540032AE9C /* 栏目 */,
				A57B8EE11D21313F007DC601 /* 直播 */,
				A5ED5BC01D20C7630032AE9C /* MMBaseViewController.h */,
				A5ED5BC11D20C7630032AE9C /* MMBaseViewController.m */,
			);
			path = ViewController;
			sourceTree = "<group>";
		};
		A5F7B1F81D1FC0FC003AD0EF /* ViewModel */ = {
			isa = PBXGroup;
			children = (
				A5ED5BD61D211D8B0032AE9C /* 栏目 */,
				A57B8EE31D213173007DC601 /* 直播 */,
				A5F7B21B1D1FD618003AD0EF /* MMBaseViewModel.h */,
				A5F7B21C1D1FD618003AD0EF /* MMBaseViewModel.m */,
			);
			path = ViewModel;
			sourceTree = "<group>";
		};
		FF60E075ABC8D39D9F73B598 /* Pods */ = {
			isa = PBXGroup;
			children = (
				F2A8939D688D764EB24CC2B8 /* Pods-GameLive.debug.xcconfig */,
				134FFF5A81D31AD92196055B /* Pods-GameLive.release.xcconfig */,
			);
			name = Pods;
			sourceTree = "<group>";
		};
/* End PBXGroup section */

/* Begin PBXNativeTarget section */
		A5F7B1D21D1FB0D2003AD0EF /* GameLive */ = {
			isa = PBXNativeTarget;
			buildConfigurationList = A5F7B1EA1D1FB0D2003AD0EF /* Build configuration list for PBXNativeTarget "GameLive" */;
			buildPhases = (
				BBFFED7495B3F303A89FCB74 /* [CP] Check Pods Manifest.lock */,
				A5F7B1CF1D1FB0D2003AD0EF /* Sources */,
				A5F7B1D01D1FB0D2003AD0EF /* Frameworks */,
				A5F7B1D11D1FB0D2003AD0EF /* Resources */,
				A2F38D50F5FE229C8BBA3F7D /* [CP] Embed Pods Frameworks */,
				425D93A96EA4E083A3AA57BF /* [CP] Copy Pods Resources */,
			);
			buildRules = (
			);
			dependencies = (
			);
			name = GameLive;
			productName = GameLive;
			productReference = A5F7B1D31D1FB0D2003AD0EF /* GameLive.app */;
			productType = "com.apple.product-type.application";
		};
/* End PBXNativeTarget section */

/* Begin PBXProject section */
		A5F7B1CB1D1FB0D2003AD0EF /* Project object */ = {
			isa = PBXProject;
			attributes = {
				LastUpgradeCheck = 0720;
				ORGANIZATIONNAME = minmin;
				TargetAttributes = {
					A5F7B1D21D1FB0D2003AD0EF = {
						CreatedOnToolsVersion = 7.2.1;
						DevelopmentTeam = FQ9KGN9333;
					};
				};
			};
			buildConfigurationList = A5F7B1CE1D1FB0D2003AD0EF /* Build configuration list for PBXProject "GameLive" */;
			compatibilityVersion = "Xcode 3.2";
			developmentRegion = English;
			hasScannedForEncodings = 0;
			knownRegions = (
				en,
				Base,
			);
			mainGroup = A5F7B1CA1D1FB0D2003AD0EF;
			productRefGroup = A5F7B1D41D1FB0D2003AD0EF /* Products */;
			projectDirPath = "";
			projectRoot = "";
			targets = (
				A5F7B1D21D1FB0D2003AD0EF /* GameLive */,
			);
		};
/* End PBXProject section */

/* Begin PBXResourcesBuildPhase section */
		A5F7B1D11D1FB0D2003AD0EF /* Resources */ = {
			isa = PBXResourcesBuildPhase;
			buildActionMask = 2147483647;
			files = (
				A5F7B1E61D1FB0D2003AD0EF /* LaunchScreen.storyboard in Resources */,
				A5F7B1E31D1FB0D2003AD0EF /* Assets.xcassets in Resources */,
				A5F7B1E11D1FB0D2003AD0EF /* Main.storyboard in Resources */,
			);
			runOnlyForDeploymentPostprocessing = 0;
		};
/* End PBXResourcesBuildPhase section */

/* Begin PBXShellScriptBuildPhase section */
		425D93A96EA4E083A3AA57BF /* [CP] Copy Pods Resources */ = {
			isa = PBXShellScriptBuildPhase;
			buildActionMask = 2147483647;
			files = (
			);
			inputPaths = (
			);
			name = "[CP] Copy Pods Resources";
			outputPaths = (
			);
			runOnlyForDeploymentPostprocessing = 0;
			shellPath = /bin/sh;
			shellScript = "\"${SRCROOT}/Pods/Target Support Files/Pods-GameLive/Pods-GameLive-resources.sh\"\n";
			showEnvVarsInLog = 0;
		};
		A2F38D50F5FE229C8BBA3F7D /* [CP] Embed Pods Frameworks */ = {
			isa = PBXShellScriptBuildPhase;
			buildActionMask = 2147483647;
			files = (
			);
			inputPaths = (
			);
			name = "[CP] Embed Pods Frameworks";
			outputPaths = (
			);
			runOnlyForDeploymentPostprocessing = 0;
			shellPath = /bin/sh;
			shellScript = "\"${SRCROOT}/Pods/Target Support Files/Pods-GameLive/Pods-GameLive-frameworks.sh\"\n";
			showEnvVarsInLog = 0;
		};
		BBFFED7495B3F303A89FCB74 /* [CP] Check Pods Manifest.lock */ = {
			isa = PBXShellScriptBuildPhase;
			buildActionMask = 2147483647;
			files = (
			);
			inputPaths = (
			);
			name = "[CP] Check Pods Manifest.lock";
			outputPaths = (
			);
			runOnlyForDeploymentPostprocessing = 0;
			shellPath = /bin/sh;
			shellScript = "diff \"${PODS_ROOT}/../Podfile.lock\" \"${PODS_ROOT}/Manifest.lock\" > /dev/null\nif [[ $? != 0 ]] ; then\n    cat << EOM\nerror: The sandbox is not in sync with the Podfile.lock. Run 'pod install' or update your CocoaPods installation.\nEOM\n    exit 1\nfi\n";
			showEnvVarsInLog = 0;
		};
/* End PBXShellScriptBuildPhase section */

/* Begin PBXSourcesBuildPhase section */
		A5F7B1CF1D1FB0D2003AD0EF /* Sources */ = {
			isa = PBXSourcesBuildPhase;
			buildActionMask = 2147483647;
			files = (
				A5F7B2131D1FC346003AD0EF /* MMLiveNetManager.m in Sources */,
				A5ED5BE01D211DB60032AE9C /* MMCategoryCell.m in Sources */,
				A5F7B20B1D1FC2BC003AD0EF /* UIView+HUD.m in Sources */,
				A5F7B2021D1FC22F003AD0EF /* NSObject+MJEXtension.m in Sources */,
				A57B8EF41D214A42007DC601 /* MMLiveListCell.m in Sources */,
				A57B8EF11D21354E007DC601 /* MMLiveListViewController.m in Sources */,
				A5D7ED801D229B0400176E5F /* MMCategoryModel.m in Sources */,
				A5ED5BD91D211D8B0032AE9C /* MMCategoriesViewModel.m in Sources */,
				A5ED5BDF1D211DB60032AE9C /* MMCategoriesCell.m in Sources */,
				A5F7B1DB1D1FB0D2003AD0EF /* AppDelegate.m in Sources */,
				A57B8EE71D21338E007DC601 /* MMCategoriesModel.m in Sources */,
				A5D7EB4B1D22304800176E5F /* MMLiveListViewModel.m in Sources */,
				A5F7B2081D1FC2A6003AD0EF /* AppDelegate+System.m in Sources */,
				A5ED5BC21D20C7630032AE9C /* MMBaseViewController.m in Sources */,
				A5F7B21A1D1FCD86003AD0EF /* NSString+MM.m in Sources */,
				A5F7B1FC1D1FC1F2003AD0EF /* NSObject+ViewModel.m in Sources */,
				A5F7B1D81D1FB0D2003AD0EF /* main.m in Sources */,
				A5F7B2051D1FC28E003AD0EF /* UIScrollView+Refresh.m in Sources */,
				A5F7B2171D1FCD68003AD0EF /* NSObject+Parse.m in Sources */,
				A5ED5BD41D211D540032AE9C /* MMCategoriesViewController.m in Sources */,
				A5ED5BD51D211D540032AE9C /* MMCategoryViewController.m in Sources */,
				A5F7B2101D1FC31F003AD0EF /* MMBaseModel.m in Sources */,
				A57B8EEB1D21339A007DC601 /* MMLiveListModel.m in Sources */,
				A5F7B1FF1D1FC20C003AD0EF /* NSObject+AFNetWorking.m in Sources */,
				A5D7ED831D22A19E00176E5F /* MMCategoryViewModel.m in Sources */,
				A5F7B21D1D1FD618003AD0EF /* MMBaseViewModel.m in Sources */,
			);
			runOnlyForDeploymentPostprocessing = 0;
		};
/* End PBXSourcesBuildPhase section */

/* Begin PBXVariantGroup section */
		A5F7B1DF1D1FB0D2003AD0EF /* Main.storyboard */ = {
			isa = PBXVariantGroup;
			children = (
				A5F7B1E01D1FB0D2003AD0EF /* Base */,
			);
			name = Main.storyboard;
			path = ..;
			sourceTree = "<group>";
		};
		A5F7B1E41D1FB0D2003AD0EF /* LaunchScreen.storyboard */ = {
			isa = PBXVariantGroup;
			children = (
				A5F7B1E51D1FB0D2003AD0EF /* Base */,
			);
			name = LaunchScreen.storyboard;
			path = ..;
			sourceTree = "<group>";
		};
/* End PBXVariantGroup section */

/* Begin XCBuildConfiguration section */
		A5F7B1E81D1FB0D2003AD0EF /* Debug */ = {
			isa = XCBuildConfiguration;
			buildSettings = {
				ALWAYS_SEARCH_USER_PATHS = NO;
				CLANG_CXX_LANGUAGE_STANDARD = "gnu++0x";
				CLANG_CXX_LIBRARY = "libc++";
				CLANG_ENABLE_MODULES = YES;
				CLANG_ENABLE_OBJC_ARC = YES;
				CLANG_WARN_BOOL_CONVERSION = YES;
				CLANG_WARN_CONSTANT_CONVERSION = YES;
				CLANG_WARN_DIRECT_OBJC_ISA_USAGE = YES_ERROR;
				CLANG_WARN_EMPTY_BODY = YES;
				CLANG_WARN_ENUM_CONVERSION = YES;
				CLANG_WARN_INT_CONVERSION = YES;
				CLANG_WARN_OBJC_ROOT_CLASS = YES_ERROR;
				CLANG_WARN_UNREACHABLE_CODE = YES;
				CLANG_WARN__DUPLICATE_METHOD_MATCH = YES;
				"CODE_SIGN_IDENTITY[sdk=iphoneos*]" = "iPhone Developer";
				COPY_PHASE_STRIP = NO;
				DEBUG_INFORMATION_FORMAT = dwarf;
				ENABLE_STRICT_OBJC_MSGSEND = YES;
				ENABLE_TESTABILITY = YES;
				GCC_C_LANGUAGE_STANDARD = gnu99;
				GCC_DYNAMIC_NO_PIC = NO;
				GCC_NO_COMMON_BLOCKS = YES;
				GCC_OPTIMIZATION_LEVEL = 0;
				GCC_PREPROCESSOR_DEFINITIONS = (
					"DEBUG=1",
					"$(inherited)",
				);
				GCC_WARN_64_TO_32_BIT_CONVERSION = YES;
				GCC_WARN_ABOUT_RETURN_TYPE = YES_ERROR;
				GCC_WARN_UNDECLARED_SELECTOR = YES;
				GCC_WARN_UNINITIALIZED_AUTOS = YES_AGGRESSIVE;
				GCC_WARN_UNUSED_FUNCTION = YES;
				GCC_WARN_UNUSED_VARIABLE = YES;
				IPHONEOS_DEPLOYMENT_TARGET = 9.2;
				MTL_ENABLE_DEBUG_INFO = YES;
				ONLY_ACTIVE_ARCH = YES;
				SDKROOT = iphoneos;
			};
			name = Debug;
		};
		A5F7B1E91D1FB0D2003AD0EF /* Release */ = {
			isa = XCBuildConfiguration;
			buildSettings = {
				ALWAYS_SEARCH_USER_PATHS = NO;
				CLANG_CXX_LANGUAGE_STANDARD = "gnu++0x";
				CLANG_CXX_LIBRARY = "libc++";
				CLANG_ENABLE_MODULES = YES;
				CLANG_ENABLE_OBJC_ARC = YES;
				CLANG_WARN_BOOL_CONVERSION = YES;
				CLANG_WARN_CONSTANT_CONVERSION = YES;
				CLANG_WARN_DIRECT_OBJC_ISA_USAGE = YES_ERROR;
				CLANG_WARN_EMPTY_BODY = YES;
				CLANG_WARN_ENUM_CONVERSION = YES;
				CLANG_WARN_INT_CONVERSION = YES;
				CLANG_WARN_OBJC_ROOT_CLASS = YES_ERROR;
				CLANG_WARN_UNREACHABLE_CODE = YES;
				CLANG_WARN__DUPLICATE_METHOD_MATCH = YES;
				"CODE_SIGN_IDENTITY[sdk=iphoneos*]" = "iPhone Developer";
				COPY_PHASE_STRIP = NO;
				DEBUG_INFORMATION_FORMAT = "dwarf-with-dsym";
				ENABLE_NS_ASSERTIONS = NO;
				ENABLE_STRICT_OBJC_MSGSEND = YES;
				GCC_C_LANGUAGE_STANDARD = gnu99;
				GCC_NO_COMMON_BLOCKS = YES;
				GCC_WARN_64_TO_32_BIT_CONVERSION = YES;
				GCC_WARN_ABOUT_RETURN_TYPE = YES_ERROR;
				GCC_WARN_UNDECLARED_SELECTOR = YES;
				GCC_WARN_UNINITIALIZED_AUTOS = YES_AGGRESSIVE;
				GCC_WARN_UNUSED_FUNCTION = YES;
				GCC_WARN_UNUSED_VARIABLE = YES;
				IPHONEOS_DEPLOYMENT_TARGET = 9.2;
				MTL_ENABLE_DEBUG_INFO = NO;
				SDKROOT = iphoneos;
				VALIDATE_PRODUCT = YES;
			};
			name = Release;
		};
		A5F7B1EB1D1FB0D2003AD0EF /* Debug */ = {
			isa = XCBuildConfiguration;
			baseConfigurationReference = F2A8939D688D764EB24CC2B8 /* Pods-GameLive.debug.xcconfig */;
			buildSettings = {
				ASSETCATALOG_COMPILER_APPICON_NAME = AppIcon;
				CODE_SIGN_IDENTITY = "iPhone Developer";
				GCC_PREFIX_HEADER = "$(PRODUCT_NAME)/PrefixHeader.pch";
				INFOPLIST_FILE = GameLive/Info.plist;
				LD_RUNPATH_SEARCH_PATHS = "$(inherited) @executable_path/Frameworks";
				PRODUCT_BUNDLE_IDENTIFIER = com.minmin.GameLive;
				PRODUCT_NAME = "$(TARGET_NAME)";
			};
			name = Debug;
		};
		A5F7B1EC1D1FB0D2003AD0EF /* Release */ = {
			isa = XCBuildConfiguration;
			baseConfigurationReference = 134FFF5A81D31AD92196055B /* Pods-GameLive.release.xcconfig */;
			buildSettings = {
				ASSETCATALOG_COMPILER_APPICON_NAME = AppIcon;
				CODE_SIGN_IDENTITY = "iPhone Developer";
				GCC_PREFIX_HEADER = "$(PRODUCT_NAME)/PrefixHeader.pch";
				INFOPLIST_FILE = GameLive/Info.plist;
				LD_RUNPATH_SEARCH_PATHS = "$(inherited) @executable_path/Frameworks";
				PRODUCT_BUNDLE_IDENTIFIER = com.minmin.GameLive;
				PRODUCT_NAME = "$(TARGET_NAME)";
			};
			name = Release;
		};
/* End XCBuildConfiguration section */

/* Begin XCConfigurationList section */
		A5F7B1CE1D1FB0D2003AD0EF /* Build configuration list for PBXProject "GameLive" */ = {
			isa = XCConfigurationList;
			buildConfigurations = (
				A5F7B1E81D1FB0D2003AD0EF /* Debug */,
				A5F7B1E91D1FB0D2003AD0EF /* Release */,
			);
			defaultConfigurationIsVisible = 0;
			defaultConfigurationName = Release;
		};
		A5F7B1EA1D1FB0D2003AD0EF /* Build configuration list for PBXNativeTarget "GameLive" */ = {
			isa = XCConfigurationList;
			buildConfigurations = (
				A5F7B1EB1D1FB0D2003AD0EF /* Debug */,
				A5F7B1EC1D1FB0D2003AD0EF /* Release */,
			);
			defaultConfigurationIsVisible = 0;
			defaultConfigurationName = Release;
		};
/* End XCConfigurationList section */
	};
	rootObject = A5F7B1CB1D1FB0D2003AD0EF /* Project object */;
}
